
Microsoft Visual Studio Solution File, Format Version 12.00
Project("{FAE04EC0-301F-11D3-BF4B-00C04F79EFBC}") = "Sharding-DI-Sample", "Sharding-DI-Sample.csproj", "{C74921CA-33C3-4BF9-A4E9-6506E4D47099}"
EndProject
Global
	GlobalSection(SolutionConfigurationPlatforms) = preSolution
		Debug|Any CPU = Debug|Any CPU
		Release|Any CPU = Release|Any CPU
	EndGlobalSection
	GlobalSection(ProjectConfigurationPlatforms) = postSolution
		{C74921CA-33C3-4BF9-A4E9-6506E4D47099}.Debug|Any CPU.ActiveCfg = Debug|Any CPU
		{C74921CA-33C3-4BF9-A4E9-6506E4D47099}.Debug|Any CPU.Build.0 = Debug|Any CPU
		{C74921CA-33C3-4BF9-A4E9-6506E4D47099}.Release|Any CPU.ActiveCfg = Release|Any CPU
		{C74921CA-33C3-4BF9-A4E9-6506E4D47099}.Release|Any CPU.Build.0 = Release|Any CPU
	EndGlobalSection
EndGlobal
